
Microsoft Visual Studio Solution File, Format Version 12.00
Project("{FAE04EC0-301F-11D3-BF4B-00C04F79EFBC}") = "Hangman.WebApi", "Hangman.WebApi\Hangman.WebApi.csproj", "{3E67F02C-70FA-4011-BBCA-9295A880CEB5}"
EndProject
Project("{FAE04EC0-301F-11D3-BF4B-00C04F79EFBC}") = "Hangman.Application", "Hangman.Application\Hangman.Application.csproj", "{B4662A7F-81BB-4073-B6FF-92D972497DD2}"
EndProject
Project("{FAE04EC0-301F-11D3-BF4B-00C04F79EFBC}") = "Hangman.Infrastructure", "Hangman.Infrastructure\Hangman.Infrastructure.csproj", "{865DE135-2B30-4746-A932-5A52ABD829CE}"
EndProject
Project("{FAE04EC0-301F-11D3-BF4B-00C04F79EFBC}") = "Hangman.Domain", "Hangman.Domain\Hangman.Domain.csproj", "{47E873C7-0CE4-4D3E-B3B0-78C77DDC04D9}"
EndProject
Global
	GlobalSection(SolutionConfigurationPlatforms) = preSolution
		Debug|Any CPU = Debug|Any CPU
		Release|Any CPU = Release|Any CPU
	EndGlobalSection
	GlobalSection(ProjectConfigurationPlatforms) = postSolution
		{3E67F02C-70FA-4011-BBCA-9295A880CEB5}.Debug|Any CPU.ActiveCfg = Debug|Any CPU
		{3E67F02C-70FA-4011-BBCA-9295A880CEB5}.Debug|Any CPU.Build.0 = Debug|Any CPU
		{3E67F02C-70FA-4011-BBCA-9295A880CEB5}.Release|Any CPU.ActiveCfg = Release|Any CPU
		{3E67F02C-70FA-4011-BBCA-9295A880CEB5}.Release|Any CPU.Build.0 = Release|Any CPU
		{B4662A7F-81BB-4073-B6FF-92D972497DD2}.Debug|Any CPU.ActiveCfg = Debug|Any CPU
		{B4662A7F-81BB-4073-B6FF-92D972497DD2}.Debug|Any CPU.Build.0 = Debug|Any CPU
		{B4662A7F-81BB-4073-B6FF-92D972497DD2}.Release|Any CPU.ActiveCfg = Release|Any CPU
		{B4662A7F-81BB-4073-B6FF-92D972497DD2}.Release|Any CPU.Build.0 = Release|Any CPU
		{865DE135-2B30-4746-A932-5A52ABD829CE}.Debug|Any CPU.ActiveCfg = Debug|Any CPU
		{865DE135-2B30-4746-A932-5A52ABD829CE}.Debug|Any CPU.Build.0 = Debug|Any CPU
		{865DE135-2B30-4746-A932-5A52ABD829CE}.Release|Any CPU.ActiveCfg = Release|Any CPU
		{865DE135-2B30-4746-A932-5A52ABD829CE}.Release|Any CPU.Build.0 = Release|Any CPU
		{47E873C7-0CE4-4D3E-B3B0-78C77DDC04D9}.Debug|Any CPU.ActiveCfg = Debug|Any CPU
		{47E873C7-0CE4-4D3E-B3B0-78C77DDC04D9}.Debug|Any CPU.Build.0 = Debug|Any CPU
		{47E873C7-0CE4-4D3E-B3B0-78C77DDC04D9}.Release|Any CPU.ActiveCfg = Release|Any CPU
		{47E873C7-0CE4-4D3E-B3B0-78C77DDC04D9}.Release|Any CPU.Build.0 = Release|Any CPU
	EndGlobalSection
EndGlobal
